// !$*UTF8*$!
{
	archiveVersion = 1;
	classes = {
	};
	objectVersion = 46;
	objects = {

/* Begin PBXBuildFile section */
		FE892BF41ED4956900263036 /* AppDelegate.swift in Sources */ = {isa = PBXBuildFile; fileRef = FE892BF31ED4956900263036 /* AppDelegate.swift */; };
		FE892BF61ED4956900263036 /* ViewController.swift in Sources */ = {isa = PBXBuildFile; fileRef = FE892BF51ED4956900263036 /* ViewController.swift */; };
		FE892BF91ED4956900263036 /* Main.storyboard in Resources */ = {isa = PBXBuildFile; fileRef = FE892BF71ED4956900263036 /* Main.storyboard */; };
		FE892BFB1ED4956900263036 /* Assets.xcassets in Resources */ = {isa = PBXBuildFile; fileRef = FE892BFA1ED4956900263036 /* Assets.xcassets */; };
		FE892BFE1ED4956900263036 /* LaunchScreen.storyboard in Resources */ = {isa = PBXBuildFile; fileRef = FE892BFC1ED4956900263036 /* LaunchScreen.storyboard */; };
		FE892C091ED4956900263036 /* ScrollAndPageTests.swift in Sources */ = {isa = PBXBuildFile; fileRef = FE892C081ED4956900263036 /* ScrollAndPageTests.swift */; };
		FE892C141ED4956900263036 /* ScrollAndPageUITests.swift in Sources */ = {isa = PBXBuildFile; fileRef = FE892C131ED4956900263036 /* ScrollAndPageUITests.swift */; };
/* End PBXBuildFile section */

/* Begin PBXContainerItemProxy section */
		FE892C051ED4956900263036 /* PBXContainerItemProxy */ = {
			isa = PBXContainerItemProxy;
			containerPortal = FE892BE81ED4956900263036 /* Project object */;
			proxyType = 1;
			remoteGlobalIDString = FE892BEF1ED4956900263036;
			remoteInfo = ScrollAndPage;
		};
		FE892C101ED4956900263036 /* PBXContainerItemProxy */ = {
			isa = PBXContainerItemProxy;
			containerPortal = FE892BE81ED4956900263036 /* Project object */;
			proxyType = 1;
			remoteGlobalIDString = FE892BEF1ED4956900263036;
			remoteInfo = ScrollAndPage;
		};
/* End PBXContainerItemProxy section */

/* Begin PBXFileReference section */
		FE892BF01ED4956900263036 /* ScrollAndPage.app */ = {isa = PBXFileReference; explicitFileType = wrapper.application; includeInIndex = 0; path = ScrollAndPage.app; sourceTree = BUILT_PRODUCTS_DIR; };
		FE892BF31ED4956900263036 /* AppDelegate.swift */ = {isa = PBXFileReference; lastKnownFileType = sourcecode.swift; path = AppDelegate.swift; sourceTree = "<group>"; };
		FE892BF51ED4956900263036 /* ViewController.swift */ = {isa = PBXFileReference; lastKnownFileType = sourcecode.swift; path = ViewController.swift; sourceTree = "<group>"; };
		FE892BF81ED4956900263036 /* Base */ = {isa = PBXFileReference; lastKnownFileType = file.storyboard; name = Base; path = Base.lproj/Main.storyboard; sourceTree = "<group>"; };
		FE892BFA1ED4956900263036 /* Assets.xcassets */ = {isa = PBXFileReference; lastKnownFileType = folder.assetcatalog; path = Assets.xcassets; sourceTree = "<group>"; };
		FE892BFD1ED4956900263036 /* Base */ = {isa = PBXFileReference; lastKnownFileType = file.storyboard; name = Base; path = Base.lproj/LaunchScreen.storyboard; sourceTree = "<group>"; };
		FE892BFF1ED4956900263036 /* Info.plist */ = {isa = PBXFileReference; lastKnownFileType = text.plist.xml; path = Info.plist; sourceTree = "<group>"; };
		FE892C041ED4956900263036 /* ScrollAndPageTests.xctest */ = {isa = PBXFileReference; explicitFileType = wrapper.cfbundle; includeInIndex = 0; path = ScrollAndPageTests.xctest; sourceTree = BUILT_PRODUCTS_DIR; };
		FE892C081ED4956900263036 /* ScrollAndPageTests.swift */ = {isa = PBXFileReference; lastKnownFileType = sourcecode.swift; path = ScrollAndPageTests.swift; sourceTree = "<group>"; };
		FE892C0A1ED4956900263036 /* Info.plist */ = {isa = PBXFileReference; lastKnownFileType = text.plist.xml; path = Info.plist; sourceTree = "<group>"; };
		FE892C0F1ED4956900263036 /* ScrollAndPageUITests.xctest */ = {isa = PBXFileReference; explicitFileType = wrapper.cfbundle; includeInIndex = 0; path = ScrollAndPageUITests.xctest; sourceTree = BUILT_PRODUCTS_DIR; };
		FE892C131ED4956900263036 /* ScrollAndPageUITests.swift */ = {isa = PBXFileReference; lastKnownFileType = sourcecode.swift; path = ScrollAndPageUITests.swift; sourceTree = "<group>"; };
		FE892C151ED4956900263036 /* Info.plist */ = {isa = PBXFileReference; lastKnownFileType = text.plist.xml; path = Info.plist; sourceTree = "<group>"; };
/* End PBXFileReference section */

/* Begin PBXFrameworksBuildPhase section */
		FE892BED1ED4956900263036 /* Frameworks */ = {
			isa = PBXFrameworksBuildPhase;
			buildActionMask = 2147483647;
			files = (
			);
			runOnlyForDeploymentPostprocessing = 0;
		};
		FE892C011ED4956900263036 /* Frameworks */ = {
			isa = PBXFrameworksBuildPhase;
			buildActionMask = 2147483647;
			files = (
			);
			runOnlyForDeploymentPostprocessing = 0;
		};
		FE892C0C1ED4956900263036 /* Frameworks */ = {
			isa = PBXFrameworksBuildPhase;
			buildActionMask = 2147483647;
			files = (
			);
			runOnlyForDeploymentPostprocessing = 0;
		};
/* End PBXFrameworksBuildPhase section */

/* Begin PBXGroup section */
		FE892BE71ED4956900263036 = {
			isa = PBXGroup;
			children = (
				FE892BF21ED4956900263036 /* ScrollAndPage */,
				FE892C071ED4956900263036 /* ScrollAndPageTests */,
				FE892C121ED4956900263036 /* ScrollAndPageUITests */,
				FE892BF11ED4956900263036 /* Products */,
			);
			sourceTree = "<group>";
		};
		FE892BF11ED4956900263036 /* Products */ = {
			isa = PBXGroup;
			children = (
				FE892BF01ED4956900263036 /* ScrollAndPage.app */,
				FE892C041ED4956900263036 /* ScrollAndPageTests.xctest */,
				FE892C0F1ED4956900263036 /* ScrollAndPageUITests.xctest */,
			);
			name = Products;
			sourceTree = "<group>";
		};
		FE892BF21ED4956900263036 /* ScrollAndPage */ = {
			isa = PBXGroup;
			children = (
				FE892BF31ED4956900263036 /* AppDelegate.swift */,
				FE892BF51ED4956900263036 /* ViewController.swift */,
				FE892BF71ED4956900263036 /* Main.storyboard */,
				FE892BFA1ED4956900263036 /* Assets.xcassets */,
				FE892BFC1ED4956900263036 /* LaunchScreen.storyboard */,
				FE892BFF1ED4956900263036 /* Info.plist */,
			);
			path = ScrollAndPage;
			sourceTree = "<group>";
		};
		FE892C071ED4956900263036 /* ScrollAndPageTests */ = {
			isa = PBXGroup;
			children = (
				FE892C081ED4956900263036 /* ScrollAndPageTests.swift */,
				FE892C0A1ED4956900263036 /* Info.plist */,
			);
			path = ScrollAndPageTests;
			sourceTree = "<group>";
		};
		FE892C121ED4956900263036 /* ScrollAndPageUITests */ = {
			isa = PBXGroup;
			children = (
				FE892C131ED4956900263036 /* ScrollAndPageUITests.swift */,
				FE892C151ED4956900263036 /* Info.plist */,
			);
			path = ScrollAndPageUITests;
			sourceTree = "<group>";
		};
/* End PBXGroup section */

/* Begin PBXNativeTarget section */
		FE892BEF1ED4956900263036 /* ScrollAndPage */ = {
			isa = PBXNativeTarget;
			buildConfigurationList = FE892C181ED4956900263036 /* Build configuration list for PBXNativeTarget "ScrollAndPage" */;
			buildPhases = (
				FE892BEC1ED4956900263036 /* Sources */,
				FE892BED1ED4956900263036 /* Frameworks */,
				FE892BEE1ED4956900263036 /* Resources */,
			);
			buildRules = (
			);
			dependencies = (
			);
			name = ScrollAndPage;
			productName = ScrollAndPage;
			productReference = FE892BF01ED4956900263036 /* ScrollAndPage.app */;
			productType = "com.apple.product-type.application";
		};
		FE892C031ED4956900263036 /* ScrollAndPageTests */ = {
			isa = PBXNativeTarget;
			buildConfigurationList = FE892C1B1ED4956900263036 /* Build configuration list for PBXNativeTarget "ScrollAndPageTests" */;
			buildPhases = (
				FE892C001ED4956900263036 /* Sources */,
				FE892C011ED4956900263036 /* Frameworks */,
				FE892C021ED4956900263036 /* Resources */,
			);
			buildRules = (
			);
			dependencies = (
				FE892C061ED4956900263036 /* PBXTargetDependency */,
			);
			name = ScrollAndPageTests;
			productName = ScrollAndPageTests;
			productReference = FE892C041ED4956900263036 /* ScrollAndPageTests.xctest */;
			productType = "com.apple.product-type.bundle.unit-test";
		};
		FE892C0E1ED4956900263036 /* ScrollAndPageUITests */ = {
			isa = PBXNativeTarget;
			buildConfigurationList = FE892C1E1ED4956900263036 /* Build configuration list for PBXNativeTarget "ScrollAndPageUITests" */;
			buildPhases = (
				FE892C0B1ED4956900263036 /* Sources */,
				FE892C0C1ED4956900263036 /* Frameworks */,
				FE892C0D1ED4956900263036 /* Resources */,
			);
			buildRules = (
			);
			dependencies = (
				FE892C111ED4956900263036 /* PBXTargetDependency */,
			);
			name = ScrollAndPageUITests;
			productName = ScrollAndPageUITests;
			productReference = FE892C0F1ED4956900263036 /* ScrollAndPageUITests.xctest */;
			productType = "com.apple.product-type.bundle.ui-testing";
		};
/* End PBXNativeTarget section */

/* Begin PBXProject section */
		FE892BE81ED4956900263036 /* Project object */ = {
			isa = PBXProject;
			attributes = {
				LastSwiftUpdateCheck = 0820;
				LastUpgradeCheck = 0820;
				ORGANIZATIONNAME = "yc-shen";
				TargetAttributes = {
					FE892BEF1ED4956900263036 = {
						CreatedOnToolsVersion = 8.2.1;
						ProvisioningStyle = Automatic;
					};
					FE892C031ED4956900263036 = {
						CreatedOnToolsVersion = 8.2.1;
						ProvisioningStyle = Automatic;
						TestTargetID = FE892BEF1ED4956900263036;
					};
					FE892C0E1ED4956900263036 = {
						CreatedOnToolsVersion = 8.2.1;
						ProvisioningStyle = Automatic;
						TestTargetID = FE892BEF1ED4956900263036;
					};
				};
			};
			buildConfigurationList = FE892BEB1ED4956900263036 /* Build configuration list for PBXProject "ScrollAndPage" */;
			compatibilityVersion = "Xcode 3.2";
			developmentRegion = English;
			hasScannedForEncodings = 0;
			knownRegions = (
				en,
				Base,
			);
			mainGroup = FE892BE71ED4956900263036;
			productRefGroup = FE892BF11ED4956900263036 /* Products */;
			projectDirPath = "";
			projectRoot = "";
			targets = (
				FE892BEF1ED4956900263036 /* ScrollAndPage */,
				FE892C031ED4956900263036 /* ScrollAndPageTests */,
				FE892C0E1ED4956900263036 /* ScrollAndPageUITests */,
			);
		};
/* End PBXProject section */

/* Begin PBXResourcesBuildPhase section */
		FE892BEE1ED4956900263036 /* Resources */ = {
			isa = PBXResourcesBuildPhase;
			buildActionMask = 2147483647;
			files = (
				FE892BFE1ED4956900263036 /* LaunchScreen.storyboard in Resources */,
				FE892BFB1ED4956900263036 /* Assets.xcassets in Resources */,
				FE892BF91ED4956900263036 /* Main.storyboard in Resources */,
			);
			runOnlyForDeploymentPostprocessing = 0;
		};
		FE892C021ED4956900263036 /* Resources */ = {
			isa = PBXResourcesBuildPhase;
			buildActionMask = 2147483647;
			files = (
			);
			runOnlyForDeploymentPostprocessing = 0;
		};
		FE892C0D1ED4956900263036 /* Resources */ = {
			isa = PBXResourcesBuildPhase;
			buildActionMask = 2147483647;
			files = (
			);
			runOnlyForDeploymentPostprocessing = 0;
		};
/* End PBXResourcesBuildPhase section */

/* Begin PBXSourcesBuildPhase section */
		FE892BEC1ED4956900263036 /* Sources */ = {
			isa = PBXSourcesBuildPhase;
			buildActionMask = 2147483647;
			files = (
				FE892BF61ED4956900263036 /* ViewController.swift in Sources */,
				FE892BF41ED4956900263036 /* AppDelegate.swift in Sources */,
			);
			runOnlyForDeploymentPostprocessing = 0;
		};
		FE892C001ED4956900263036 /* Sources */ = {
			isa = PBXSourcesBuildPhase;
			buildActionMask = 2147483647;
			files = (
				FE892C091ED4956900263036 /* ScrollAndPageTests.swift in Sources */,
			);
			runOnlyForDeploymentPostprocessing = 0;
		};
		FE892C0B1ED4956900263036 /* Sources */ = {
			isa = PBXSourcesBuildPhase;
			buildActionMask = 2147483647;
			files = (
				FE892C141ED4956900263036 /* ScrollAndPageUITests.swift in Sources */,
			);
			runOnlyForDeploymentPostprocessing = 0;
		};
/* End PBXSourcesBuildPhase section */

/* Begin PBXTargetDependency section */
		FE892C061ED4956900263036 /* PBXTargetDependency */ = {
			isa = PBXTargetDependency;
			target = FE892BEF1ED4956900263036 /* ScrollAndPage */;
			targetProxy = FE892C051ED4956900263036 /* PBXContainerItemProxy */;
		};
		FE892C111ED4956900263036 /* PBXTargetDependency */ = {
			isa = PBXTargetDependency;
			target = FE892BEF1ED4956900263036 /* ScrollAndPage */;
			targetProxy = FE892C101ED4956900263036 /* PBXContainerItemProxy */;
		};
/* End PBXTargetDependency section */

/* Begin PBXVariantGroup section */
		FE892BF71ED4956900263036 /* Main.storyboard */ = {
			isa = PBXVariantGroup;
			children = (
				FE892BF81ED4956900263036 /* Base */,
			);
			name = Main.storyboard;
			sourceTree = "<group>";
		};
		FE892BFC1ED4956900263036 /* LaunchScreen.storyboard */ = {
			isa = PBXVariantGroup;
			children = (
				FE892BFD1ED4956900263036 /* Base */,
			);
			name = LaunchScreen.storyboard;
			sourceTree = "<group>";
		};
/* End PBXVariantGroup section */

/* Begin XCBuildConfiguration section */
		FE892C161ED4956900263036 /* Debug */ = {
			isa = XCBuildConfiguration;
			buildSettings = {
				ALWAYS_SEARCH_USER_PATHS = NO;
				CLANG_ANALYZER_NONNULL = YES;
				CLANG_CXX_LANGUAGE_STANDARD = "gnu++0x";
				CLANG_CXX_LIBRARY = "libc++";
				CLANG_ENABLE_MODULES = YES;
				CLANG_ENABLE_OBJC_ARC = YES;
				CLANG_WARN_BOOL_CONVERSION = YES;
				CLANG_WARN_CONSTANT_CONVERSION = YES;
				CLANG_WARN_DIRECT_OBJC_ISA_USAGE = YES_ERROR;
				CLANG_WARN_DOCUMENTATION_COMMENTS = YES;
				CLANG_WARN_EMPTY_BODY = YES;
				CLANG_WARN_ENUM_CONVERSION = YES;
				CLANG_WARN_INFINITE_RECURSION = YES;
				CLANG_WARN_INT_CONVERSION = YES;
				CLANG_WARN_OBJC_ROOT_CLASS = YES_ERROR;
				CLANG_WARN_SUSPICIOUS_MOVE = YES;
				CLANG_WARN_UNREACHABLE_CODE = YES;
				CLANG_WARN__DUPLICATE_METHOD_MATCH = YES;
				"CODE_SIGN_IDENTITY[sdk=iphoneos*]" = "iPhone Developer";
				COPY_PHASE_STRIP = NO;
				DEBUG_INFORMATION_FORMAT = dwarf;
				ENABLE_STRICT_OBJC_MSGSEND = YES;
				ENABLE_TESTABILITY = YES;
				GCC_C_LANGUAGE_STANDARD = gnu99;
				GCC_DYNAMIC_NO_PIC = NO;
				GCC_NO_COMMON_BLOCKS = YES;
				GCC_OPTIMIZATION_LEVEL = 0;
				GCC_PREPROCESSOR_DEFINITIONS = (
					"DEBUG=1",
					"$(inherited)",
				);
				GCC_WARN_64_TO_32_BIT_CONVERSION = YES;
				GCC_WARN_ABOUT_RETURN_TYPE = YES_ERROR;
				GCC_WARN_UNDECLARED_SELECTOR = YES;
				GCC_WARN_UNINITIALIZED_AUTOS = YES_AGGRESSIVE;
				GCC_WARN_UNUSED_FUNCTION = YES;
				GCC_WARN_UNUSED_VARIABLE = YES;
				IPHONEOS_DEPLOYMENT_TARGET = 10.2;
				MTL_ENABLE_DEBUG_INFO = YES;
				ONLY_ACTIVE_ARCH = YES;
				SDKROOT = iphoneos;
				SWIFT_ACTIVE_COMPILATION_CONDITIONS = DEBUG;
				SWIFT_OPTIMIZATION_LEVEL = "-Onone";
				TARGETED_DEVICE_FAMILY = "1,2";
			};
			name = Debug;
		};
		FE892C171ED4956900263036 /* Release */ = {
			isa = XCBuildConfiguration;
			buildSettings = {
				ALWAYS_SEARCH_USER_PATHS = NO;
				CLANG_ANALYZER_NONNULL = YES;
				CLANG_CXX_LANGUAGE_STANDARD = "gnu++0x";
				CLANG_CXX_LIBRARY = "libc++";
				CLANG_ENABLE_MODULES = YES;
				CLANG_ENABLE_OBJC_ARC = YES;
				CLANG_WARN_BOOL_CONVERSION = YES;
				CLANG_WARN_CONSTANT_CONVERSION = YES;
				CLANG_WARN_DIRECT_OBJC_ISA_USAGE = YES_ERROR;
				CLANG_WARN_DOCUMENTATION_COMMENTS = YES;
				CLANG_WARN_EMPTY_BODY = YES;
				CLANG_WARN_ENUM_CONVERSION = YES;
				CLANG_WARN_INFINITE_RECURSION = YES;
				CLANG_WARN_INT_CONVERSION = YES;
				CLANG_WARN_OBJC_ROOT_CLASS = YES_ERROR;
				CLANG_WARN_SUSPICIOUS_MOVE = YES;
				CLANG_WARN_UNREACHABLE_CODE = YES;
				CLANG_WARN__DUPLICATE_METHOD_MATCH = YES;
				"CODE_SIGN_IDENTITY[sdk=iphoneos*]" = "iPhone Developer";
				COPY_PHASE_STRIP = NO;
				DEBUG_INFORMATION_FORMAT = "dwarf-with-dsym";
				ENABLE_NS_ASSERTIONS = NO;
				ENABLE_STRICT_OBJC_MSGSEND = YES;
				GCC_C_LANGUAGE_STANDARD = gnu99;
				GCC_NO_COMMON_BLOCKS = YES;
				GCC_WARN_64_TO_32_BIT_CONVERSION = YES;
				GCC_WARN_ABOUT_RETURN_TYPE = YES_ERROR;
				GCC_WARN_UNDECLARED_SELECTOR = YES;
				GCC_WARN_UNINITIALIZED_AUTOS = YES_AGGRESSIVE;
				GCC_WARN_UNUSED_FUNCTION = YES;
				GCC_WARN_UNUSED_VARIABLE = YES;
				IPHONEOS_DEPLOYMENT_TARGET = 10.2;
				MTL_ENABLE_DEBUG_INFO = NO;
				SDKROOT = iphoneos;
				SWIFT_OPTIMIZATION_LEVEL = "-Owholemodule";
				TARGETED_DEVICE_FAMILY = "1,2";
				VALIDATE_PRODUCT = YES;
			};
			name = Release;
		};
		FE892C191ED4956900263036 /* Debug */ = {
			isa = XCBuildConfiguration;
			buildSettings = {
				ASSETCATALOG_COMPILER_APPICON_NAME = AppIcon;
				INFOPLIST_FILE = ScrollAndPage/Info.plist;
				LD_RUNPATH_SEARCH_PATHS = "$(inherited) @executable_path/Frameworks";
				PRODUCT_BUNDLE_IDENTIFIER = com.appcoda.ScrollAndPage;
				PRODUCT_NAME = "$(TARGET_NAME)";
				SWIFT_VERSION = 3.0;
			};
			name = Debug;
		};
		FE892C1A1ED4956900263036 /* Release */ = {
			isa = XCBuildConfiguration;
			buildSettings = {
				ASSETCATALOG_COMPILER_APPICON_NAME = AppIcon;
				INFOPLIST_FILE = ScrollAndPage/Info.plist;
				LD_RUNPATH_SEARCH_PATHS = "$(inherited) @executable_path/Frameworks";
				PRODUCT_BUNDLE_IDENTIFIER = com.appcoda.ScrollAndPage;
				PRODUCT_NAME = "$(TARGET_NAME)";
				SWIFT_VERSION = 3.0;
			};
			name = Release;
		};
		FE892C1C1ED4956900263036 /* Debug */ = {
			isa = XCBuildConfiguration;
			buildSettings = {
				ALWAYS_EMBED_SWIFT_STANDARD_LIBRARIES = YES;
				BUNDLE_LOADER = "$(TEST_HOST)";
				INFOPLIST_FILE = ScrollAndPageTests/Info.plist;
				LD_RUNPATH_SEARCH_PATHS = "$(inherited) @executable_path/Frameworks @loader_path/Frameworks";
				PRODUCT_BUNDLE_IDENTIFIER = com.appcoda.ScrollAndPageTests;
				PRODUCT_NAME = "$(TARGET_NAME)";
				SWIFT_VERSION = 3.0;
				TEST_HOST = "$(BUILT_PRODUCTS_DIR)/ScrollAndPage.app/ScrollAndPage";
			};
			name = Debug;
		};
		FE892C1D1ED4956900263036 /* Release */ = {
			isa = XCBuildConfiguration;
			buildSettings = {
				ALWAYS_EMBED_SWIFT_STANDARD_LIBRARIES = YES;
				BUNDLE_LOADER = "$(TEST_HOST)";
				INFOPLIST_FILE = ScrollAndPageTests/Info.plist;
				LD_RUNPATH_SEARCH_PATHS = "$(inherited) @executable_path/Frameworks @loader_path/Frameworks";
				PRODUCT_BUNDLE_IDENTIFIER = com.appcoda.ScrollAndPageTests;
				PRODUCT_NAME = "$(TARGET_NAME)";
				SWIFT_VERSION = 3.0;
				TEST_HOST = "$(BUILT_PRODUCTS_DIR)/ScrollAndPage.app/ScrollAndPage";
			};
			name = Release;
		};
		FE892C1F1ED4956900263036 /* Debug */ = {
			isa = XCBuildConfiguration;
			buildSettings = {
				ALWAYS_EMBED_SWIFT_STANDARD_LIBRARIES = YES;
				INFOPLIST_FILE = ScrollAndPageUITests/Info.plist;
				LD_RUNPATH_SEARCH_PATHS = "$(inherited) @executable_path/Frameworks @loader_path/Frameworks";
				PRODUCT_BUNDLE_IDENTIFIER = com.appcoda.ScrollAndPageUITests;
				PRODUCT_NAME = "$(TARGET_NAME)";
				SWIFT_VERSION = 3.0;
				TEST_TARGET_NAME = ScrollAndPage;
			};
			name = Debug;
		};
		FE892C201ED4956900263036 /* Release */ = {
			isa = XCBuildConfiguration;
			buildSettings = {
				ALWAYS_EMBED_SWIFT_STANDARD_LIBRARIES = YES;
				INFOPLIST_FILE = ScrollAndPageUITests/Info.plist;
				LD_RUNPATH_SEARCH_PATHS = "$(inherited) @executable_path/Frameworks @loader_path/Frameworks";
				PRODUCT_BUNDLE_IDENTIFIER = com.appcoda.ScrollAndPageUITests;
				PRODUCT_NAME = "$(TARGET_NAME)";
				SWIFT_VERSION = 3.0;
				TEST_TARGET_NAME = ScrollAndPage;
			};
			name = Release;
		};
/* End XCBuildConfiguration section */

/* Begin XCConfigurationList section */
		FE892BEB1ED4956900263036 /* Build configuration list for PBXProject "ScrollAndPage" */ = {
			isa = XCConfigurationList;
			buildConfigurations = (
				FE892C161ED4956900263036 /* Debug */,
				FE892C171ED4956900263036 /* Release */,
			);
			defaultConfigurationIsVisible = 0;
			defaultConfigurationName = Release;
		};
		FE892C181ED4956900263036 /* Build configuration list for PBXNativeTarget "ScrollAndPage" */ = {
			isa = XCConfigurationList;
			buildConfigurations = (
				FE892C191ED4956900263036 /* Debug */,
				FE892C1A1ED4956900263036 /* Release */,
			);
			defaultConfigurationIsVisible = 0;
		};
		FE892C1B1ED4956900263036 /* Build configuration list for PBXNativeTarget "ScrollAndPageTests" */ = {
			isa = XCConfigurationList;
			buildConfigurations = (
				FE892C1C1ED4956900263036 /* Debug */,
				FE892C1D1ED4956900263036 /* Release */,
			);
			defaultConfigurationIsVisible = 0;
		};
		FE892C1E1ED4956900263036 /* Build configuration list for PBXNativeTarget "ScrollAndPageUITests" */ = {
			isa = XCConfigurationList;
			buildConfigurations = (
				FE892C1F1ED4956900263036 /* Debug */,
				FE892C201ED4956900263036 /* Release */,
			);
			defaultConfigurationIsVisible = 0;
		};
/* End XCConfigurationList section */
	};
	rootObject = FE892BE81ED4956900263036 /* Project object */;
}
