// !$*UTF8*$!
{
	archiveVersion = 1;
	classes = {
	};
	objectVersion = 46;
	objects = {

/* Begin PBXBuildFile section */
		FE5668891E8B6397003EE1FB /* AppDelegate.swift in Sources */ = {isa = PBXBuildFile; fileRef = FE5668881E8B6397003EE1FB /* AppDelegate.swift */; };
		FE56688B1E8B6397003EE1FB /* ViewController.swift in Sources */ = {isa = PBXBuildFile; fileRef = FE56688A1E8B6397003EE1FB /* ViewController.swift */; };
		FE56688E1E8B6397003EE1FB /* Main.storyboard in Resources */ = {isa = PBXBuildFile; fileRef = FE56688C1E8B6397003EE1FB /* Main.storyboard */; };
		FE5668901E8B6397003EE1FB /* Assets.xcassets in Resources */ = {isa = PBXBuildFile; fileRef = FE56688F1E8B6397003EE1FB /* Assets.xcassets */; };
		FE5668931E8B6397003EE1FB /* LaunchScreen.storyboard in Resources */ = {isa = PBXBuildFile; fileRef = FE5668911E8B6397003EE1FB /* LaunchScreen.storyboard */; };
		FE56689E1E8B6397003EE1FB /* __2_CounterTests.swift in Sources */ = {isa = PBXBuildFile; fileRef = FE56689D1E8B6397003EE1FB /* __2_CounterTests.swift */; };
		FE5668A91E8B6397003EE1FB /* __2_CounterUITests.swift in Sources */ = {isa = PBXBuildFile; fileRef = FE5668A81E8B6397003EE1FB /* __2_CounterUITests.swift */; };
/* End PBXBuildFile section */

/* Begin PBXContainerItemProxy section */
		FE56689A1E8B6397003EE1FB /* PBXContainerItemProxy */ = {
			isa = PBXContainerItemProxy;
			containerPortal = FE56687D1E8B6397003EE1FB /* Project object */;
			proxyType = 1;
			remoteGlobalIDString = FE5668841E8B6397003EE1FB;
			remoteInfo = "ＨＷ2-Counter";
		};
		FE5668A51E8B6397003EE1FB /* PBXContainerItemProxy */ = {
			isa = PBXContainerItemProxy;
			containerPortal = FE56687D1E8B6397003EE1FB /* Project object */;
			proxyType = 1;
			remoteGlobalIDString = FE5668841E8B6397003EE1FB;
			remoteInfo = "ＨＷ2-Counter";
		};
/* End PBXContainerItemProxy section */

/* Begin PBXFileReference section */
		FE5668851E8B6397003EE1FB /* ＨＷ2-Counter.app */ = {isa = PBXFileReference; explicitFileType = wrapper.application; includeInIndex = 0; path = "ＨＷ2-Counter.app"; sourceTree = BUILT_PRODUCTS_DIR; };
		FE5668881E8B6397003EE1FB /* AppDelegate.swift */ = {isa = PBXFileReference; lastKnownFileType = sourcecode.swift; path = AppDelegate.swift; sourceTree = "<group>"; };
		FE56688A1E8B6397003EE1FB /* ViewController.swift */ = {isa = PBXFileReference; lastKnownFileType = sourcecode.swift; path = ViewController.swift; sourceTree = "<group>"; };
		FE56688D1E8B6397003EE1FB /* Base */ = {isa = PBXFileReference; lastKnownFileType = file.storyboard; name = Base; path = Base.lproj/Main.storyboard; sourceTree = "<group>"; };
		FE56688F1E8B6397003EE1FB /* Assets.xcassets */ = {isa = PBXFileReference; lastKnownFileType = folder.assetcatalog; path = Assets.xcassets; sourceTree = "<group>"; };
		FE5668921E8B6397003EE1FB /* Base */ = {isa = PBXFileReference; lastKnownFileType = file.storyboard; name = Base; path = Base.lproj/LaunchScreen.storyboard; sourceTree = "<group>"; };
		FE5668941E8B6397003EE1FB /* Info.plist */ = {isa = PBXFileReference; lastKnownFileType = text.plist.xml; path = Info.plist; sourceTree = "<group>"; };
		FE5668991E8B6397003EE1FB /* ＨＷ2-CounterTests.xctest */ = {isa = PBXFileReference; explicitFileType = wrapper.cfbundle; includeInIndex = 0; path = "ＨＷ2-CounterTests.xctest"; sourceTree = BUILT_PRODUCTS_DIR; };
		FE56689D1E8B6397003EE1FB /* __2_CounterTests.swift */ = {isa = PBXFileReference; lastKnownFileType = sourcecode.swift; path = __2_CounterTests.swift; sourceTree = "<group>"; };
		FE56689F1E8B6397003EE1FB /* Info.plist */ = {isa = PBXFileReference; lastKnownFileType = text.plist.xml; path = Info.plist; sourceTree = "<group>"; };
		FE5668A41E8B6397003EE1FB /* ＨＷ2-CounterUITests.xctest */ = {isa = PBXFileReference; explicitFileType = wrapper.cfbundle; includeInIndex = 0; path = "ＨＷ2-CounterUITests.xctest"; sourceTree = BUILT_PRODUCTS_DIR; };
		FE5668A81E8B6397003EE1FB /* __2_CounterUITests.swift */ = {isa = PBXFileReference; lastKnownFileType = sourcecode.swift; path = __2_CounterUITests.swift; sourceTree = "<group>"; };
		FE5668AA1E8B6397003EE1FB /* Info.plist */ = {isa = PBXFileReference; lastKnownFileType = text.plist.xml; path = Info.plist; sourceTree = "<group>"; };
/* End PBXFileReference section */

/* Begin PBXFrameworksBuildPhase section */
		FE5668821E8B6397003EE1FB /* Frameworks */ = {
			isa = PBXFrameworksBuildPhase;
			buildActionMask = 2147483647;
			files = (
			);
			runOnlyForDeploymentPostprocessing = 0;
		};
		FE5668961E8B6397003EE1FB /* Frameworks */ = {
			isa = PBXFrameworksBuildPhase;
			buildActionMask = 2147483647;
			files = (
			);
			runOnlyForDeploymentPostprocessing = 0;
		};
		FE5668A11E8B6397003EE1FB /* Frameworks */ = {
			isa = PBXFrameworksBuildPhase;
			buildActionMask = 2147483647;
			files = (
			);
			runOnlyForDeploymentPostprocessing = 0;
		};
/* End PBXFrameworksBuildPhase section */

/* Begin PBXGroup section */
		FE56687C1E8B6397003EE1FB = {
			isa = PBXGroup;
			children = (
				FE5668871E8B6397003EE1FB /* ＨＷ2-Counter */,
				FE56689C1E8B6397003EE1FB /* ＨＷ2-CounterTests */,
				FE5668A71E8B6397003EE1FB /* ＨＷ2-CounterUITests */,
				FE5668861E8B6397003EE1FB /* Products */,
			);
			sourceTree = "<group>";
		};
		FE5668861E8B6397003EE1FB /* Products */ = {
			isa = PBXGroup;
			children = (
				FE5668851E8B6397003EE1FB /* ＨＷ2-Counter.app */,
				FE5668991E8B6397003EE1FB /* ＨＷ2-CounterTests.xctest */,
				FE5668A41E8B6397003EE1FB /* ＨＷ2-CounterUITests.xctest */,
			);
			name = Products;
			sourceTree = "<group>";
		};
		FE5668871E8B6397003EE1FB /* ＨＷ2-Counter */ = {
			isa = PBXGroup;
			children = (
				FE5668881E8B6397003EE1FB /* AppDelegate.swift */,
				FE56688A1E8B6397003EE1FB /* ViewController.swift */,
				FE56688C1E8B6397003EE1FB /* Main.storyboard */,
				FE56688F1E8B6397003EE1FB /* Assets.xcassets */,
				FE5668911E8B6397003EE1FB /* LaunchScreen.storyboard */,
				FE5668941E8B6397003EE1FB /* Info.plist */,
			);
			path = "ＨＷ2-Counter";
			sourceTree = "<group>";
		};
		FE56689C1E8B6397003EE1FB /* ＨＷ2-CounterTests */ = {
			isa = PBXGroup;
			children = (
				FE56689D1E8B6397003EE1FB /* __2_CounterTests.swift */,
				FE56689F1E8B6397003EE1FB /* Info.plist */,
			);
			path = "ＨＷ2-CounterTests";
			sourceTree = "<group>";
		};
		FE5668A71E8B6397003EE1FB /* ＨＷ2-CounterUITests */ = {
			isa = PBXGroup;
			children = (
				FE5668A81E8B6397003EE1FB /* __2_CounterUITests.swift */,
				FE5668AA1E8B6397003EE1FB /* Info.plist */,
			);
			path = "ＨＷ2-CounterUITests";
			sourceTree = "<group>";
		};
/* End PBXGroup section */

/* Begin PBXNativeTarget section */
		FE5668841E8B6397003EE1FB /* ＨＷ2-Counter */ = {
			isa = PBXNativeTarget;
			buildConfigurationList = FE5668AD1E8B6397003EE1FB /* Build configuration list for PBXNativeTarget "ＨＷ2-Counter" */;
			buildPhases = (
				FE5668811E8B6397003EE1FB /* Sources */,
				FE5668821E8B6397003EE1FB /* Frameworks */,
				FE5668831E8B6397003EE1FB /* Resources */,
			);
			buildRules = (
			);
			dependencies = (
			);
			name = "ＨＷ2-Counter";
			productName = "ＨＷ2-Counter";
			productReference = FE5668851E8B6397003EE1FB /* ＨＷ2-Counter.app */;
			productType = "com.apple.product-type.application";
		};
		FE5668981E8B6397003EE1FB /* ＨＷ2-CounterTests */ = {
			isa = PBXNativeTarget;
			buildConfigurationList = FE5668B01E8B6397003EE1FB /* Build configuration list for PBXNativeTarget "ＨＷ2-CounterTests" */;
			buildPhases = (
				FE5668951E8B6397003EE1FB /* Sources */,
				FE5668961E8B6397003EE1FB /* Frameworks */,
				FE5668971E8B6397003EE1FB /* Resources */,
			);
			buildRules = (
			);
			dependencies = (
				FE56689B1E8B6397003EE1FB /* PBXTargetDependency */,
			);
			name = "ＨＷ2-CounterTests";
			productName = "ＨＷ2-CounterTests";
			productReference = FE5668991E8B6397003EE1FB /* ＨＷ2-CounterTests.xctest */;
			productType = "com.apple.product-type.bundle.unit-test";
		};
		FE5668A31E8B6397003EE1FB /* ＨＷ2-CounterUITests */ = {
			isa = PBXNativeTarget;
			buildConfigurationList = FE5668B31E8B6397003EE1FB /* Build configuration list for PBXNativeTarget "ＨＷ2-CounterUITests" */;
			buildPhases = (
				FE5668A01E8B6397003EE1FB /* Sources */,
				FE5668A11E8B6397003EE1FB /* Frameworks */,
				FE5668A21E8B6397003EE1FB /* Resources */,
			);
			buildRules = (
			);
			dependencies = (
				FE5668A61E8B6397003EE1FB /* PBXTargetDependency */,
			);
			name = "ＨＷ2-CounterUITests";
			productName = "ＨＷ2-CounterUITests";
			productReference = FE5668A41E8B6397003EE1FB /* ＨＷ2-CounterUITests.xctest */;
			productType = "com.apple.product-type.bundle.ui-testing";
		};
/* End PBXNativeTarget section */

/* Begin PBXProject section */
		FE56687D1E8B6397003EE1FB /* Project object */ = {
			isa = PBXProject;
			attributes = {
				LastSwiftUpdateCheck = 0820;
				LastUpgradeCheck = 0820;
				ORGANIZATIONNAME = CGLab;
				TargetAttributes = {
					FE5668841E8B6397003EE1FB = {
						CreatedOnToolsVersion = 8.2.1;
						ProvisioningStyle = Automatic;
					};
					FE5668981E8B6397003EE1FB = {
						CreatedOnToolsVersion = 8.2.1;
						ProvisioningStyle = Automatic;
						TestTargetID = FE5668841E8B6397003EE1FB;
					};
					FE5668A31E8B6397003EE1FB = {
						CreatedOnToolsVersion = 8.2.1;
						ProvisioningStyle = Automatic;
						TestTargetID = FE5668841E8B6397003EE1FB;
					};
				};
			};
			buildConfigurationList = FE5668801E8B6397003EE1FB /* Build configuration list for PBXProject "ＨＷ2-Counter" */;
			compatibilityVersion = "Xcode 3.2";
			developmentRegion = English;
			hasScannedForEncodings = 0;
			knownRegions = (
				en,
				Base,
			);
			mainGroup = FE56687C1E8B6397003EE1FB;
			productRefGroup = FE5668861E8B6397003EE1FB /* Products */;
			projectDirPath = "";
			projectRoot = "";
			targets = (
				FE5668841E8B6397003EE1FB /* ＨＷ2-Counter */,
				FE5668981E8B6397003EE1FB /* ＨＷ2-CounterTests */,
				FE5668A31E8B6397003EE1FB /* ＨＷ2-CounterUITests */,
			);
		};
/* End PBXProject section */

/* Begin PBXResourcesBuildPhase section */
		FE5668831E8B6397003EE1FB /* Resources */ = {
			isa = PBXResourcesBuildPhase;
			buildActionMask = 2147483647;
			files = (
				FE5668931E8B6397003EE1FB /* LaunchScreen.storyboard in Resources */,
				FE5668901E8B6397003EE1FB /* Assets.xcassets in Resources */,
				FE56688E1E8B6397003EE1FB /* Main.storyboard in Resources */,
			);
			runOnlyForDeploymentPostprocessing = 0;
		};
		FE5668971E8B6397003EE1FB /* Resources */ = {
			isa = PBXResourcesBuildPhase;
			buildActionMask = 2147483647;
			files = (
			);
			runOnlyForDeploymentPostprocessing = 0;
		};
		FE5668A21E8B6397003EE1FB /* Resources */ = {
			isa = PBXResourcesBuildPhase;
			buildActionMask = 2147483647;
			files = (
			);
			runOnlyForDeploymentPostprocessing = 0;
		};
/* End PBXResourcesBuildPhase section */

/* Begin PBXSourcesBuildPhase section */
		FE5668811E8B6397003EE1FB /* Sources */ = {
			isa = PBXSourcesBuildPhase;
			buildActionMask = 2147483647;
			files = (
				FE56688B1E8B6397003EE1FB /* ViewController.swift in Sources */,
				FE5668891E8B6397003EE1FB /* AppDelegate.swift in Sources */,
			);
			runOnlyForDeploymentPostprocessing = 0;
		};
		FE5668951E8B6397003EE1FB /* Sources */ = {
			isa = PBXSourcesBuildPhase;
			buildActionMask = 2147483647;
			files = (
				FE56689E1E8B6397003EE1FB /* __2_CounterTests.swift in Sources */,
			);
			runOnlyForDeploymentPostprocessing = 0;
		};
		FE5668A01E8B6397003EE1FB /* Sources */ = {
			isa = PBXSourcesBuildPhase;
			buildActionMask = 2147483647;
			files = (
				FE5668A91E8B6397003EE1FB /* __2_CounterUITests.swift in Sources */,
			);
			runOnlyForDeploymentPostprocessing = 0;
		};
/* End PBXSourcesBuildPhase section */

/* Begin PBXTargetDependency section */
		FE56689B1E8B6397003EE1FB /* PBXTargetDependency */ = {
			isa = PBXTargetDependency;
			target = FE5668841E8B6397003EE1FB /* ＨＷ2-Counter */;
			targetProxy = FE56689A1E8B6397003EE1FB /* PBXContainerItemProxy */;
		};
		FE5668A61E8B6397003EE1FB /* PBXTargetDependency */ = {
			isa = PBXTargetDependency;
			target = FE5668841E8B6397003EE1FB /* ＨＷ2-Counter */;
			targetProxy = FE5668A51E8B6397003EE1FB /* PBXContainerItemProxy */;
		};
/* End PBXTargetDependency section */

/* Begin PBXVariantGroup section */
		FE56688C1E8B6397003EE1FB /* Main.storyboard */ = {
			isa = PBXVariantGroup;
			children = (
				FE56688D1E8B6397003EE1FB /* Base */,
			);
			name = Main.storyboard;
			sourceTree = "<group>";
		};
		FE5668911E8B6397003EE1FB /* LaunchScreen.storyboard */ = {
			isa = PBXVariantGroup;
			children = (
				FE5668921E8B6397003EE1FB /* Base */,
			);
			name = LaunchScreen.storyboard;
			sourceTree = "<group>";
		};
/* End PBXVariantGroup section */

/* Begin XCBuildConfiguration section */
		FE5668AB1E8B6397003EE1FB /* Debug */ = {
			isa = XCBuildConfiguration;
			buildSettings = {
				ALWAYS_SEARCH_USER_PATHS = NO;
				CLANG_ANALYZER_NONNULL = YES;
				CLANG_CXX_LANGUAGE_STANDARD = "gnu++0x";
				CLANG_CXX_LIBRARY = "libc++";
				CLANG_ENABLE_MODULES = YES;
				CLANG_ENABLE_OBJC_ARC = YES;
				CLANG_WARN_BOOL_CONVERSION = YES;
				CLANG_WARN_CONSTANT_CONVERSION = YES;
				CLANG_WARN_DIRECT_OBJC_ISA_USAGE = YES_ERROR;
				CLANG_WARN_DOCUMENTATION_COMMENTS = YES;
				CLANG_WARN_EMPTY_BODY = YES;
				CLANG_WARN_ENUM_CONVERSION = YES;
				CLANG_WARN_INFINITE_RECURSION = YES;
				CLANG_WARN_INT_CONVERSION = YES;
				CLANG_WARN_OBJC_ROOT_CLASS = YES_ERROR;
				CLANG_WARN_SUSPICIOUS_MOVE = YES;
				CLANG_WARN_UNREACHABLE_CODE = YES;
				CLANG_WARN__DUPLICATE_METHOD_MATCH = YES;
				"CODE_SIGN_IDENTITY[sdk=iphoneos*]" = "iPhone Developer";
				COPY_PHASE_STRIP = NO;
				DEBUG_INFORMATION_FORMAT = dwarf;
				ENABLE_STRICT_OBJC_MSGSEND = YES;
				ENABLE_TESTABILITY = YES;
				GCC_C_LANGUAGE_STANDARD = gnu99;
				GCC_DYNAMIC_NO_PIC = NO;
				GCC_NO_COMMON_BLOCKS = YES;
				GCC_OPTIMIZATION_LEVEL = 0;
				GCC_PREPROCESSOR_DEFINITIONS = (
					"DEBUG=1",
					"$(inherited)",
				);
				GCC_WARN_64_TO_32_BIT_CONVERSION = YES;
				GCC_WARN_ABOUT_RETURN_TYPE = YES_ERROR;
				GCC_WARN_UNDECLARED_SELECTOR = YES;
				GCC_WARN_UNINITIALIZED_AUTOS = YES_AGGRESSIVE;
				GCC_WARN_UNUSED_FUNCTION = YES;
				GCC_WARN_UNUSED_VARIABLE = YES;
				IPHONEOS_DEPLOYMENT_TARGET = 10.2;
				MTL_ENABLE_DEBUG_INFO = YES;
				ONLY_ACTIVE_ARCH = YES;
				SDKROOT = iphoneos;
				SWIFT_ACTIVE_COMPILATION_CONDITIONS = DEBUG;
				SWIFT_OPTIMIZATION_LEVEL = "-Onone";
				TARGETED_DEVICE_FAMILY = "1,2";
			};
			name = Debug;
		};
		FE5668AC1E8B6397003EE1FB /* Release */ = {
			isa = XCBuildConfiguration;
			buildSettings = {
				ALWAYS_SEARCH_USER_PATHS = NO;
				CLANG_ANALYZER_NONNULL = YES;
				CLANG_CXX_LANGUAGE_STANDARD = "gnu++0x";
				CLANG_CXX_LIBRARY = "libc++";
				CLANG_ENABLE_MODULES = YES;
				CLANG_ENABLE_OBJC_ARC = YES;
				CLANG_WARN_BOOL_CONVERSION = YES;
				CLANG_WARN_CONSTANT_CONVERSION = YES;
				CLANG_WARN_DIRECT_OBJC_ISA_USAGE = YES_ERROR;
				CLANG_WARN_DOCUMENTATION_COMMENTS = YES;
				CLANG_WARN_EMPTY_BODY = YES;
				CLANG_WARN_ENUM_CONVERSION = YES;
				CLANG_WARN_INFINITE_RECURSION = YES;
				CLANG_WARN_INT_CONVERSION = YES;
				CLANG_WARN_OBJC_ROOT_CLASS = YES_ERROR;
				CLANG_WARN_SUSPICIOUS_MOVE = YES;
				CLANG_WARN_UNREACHABLE_CODE = YES;
				CLANG_WARN__DUPLICATE_METHOD_MATCH = YES;
				"CODE_SIGN_IDENTITY[sdk=iphoneos*]" = "iPhone Developer";
				COPY_PHASE_STRIP = NO;
				DEBUG_INFORMATION_FORMAT = "dwarf-with-dsym";
				ENABLE_NS_ASSERTIONS = NO;
				ENABLE_STRICT_OBJC_MSGSEND = YES;
				GCC_C_LANGUAGE_STANDARD = gnu99;
				GCC_NO_COMMON_BLOCKS = YES;
				GCC_WARN_64_TO_32_BIT_CONVERSION = YES;
				GCC_WARN_ABOUT_RETURN_TYPE = YES_ERROR;
				GCC_WARN_UNDECLARED_SELECTOR = YES;
				GCC_WARN_UNINITIALIZED_AUTOS = YES_AGGRESSIVE;
				GCC_WARN_UNUSED_FUNCTION = YES;
				GCC_WARN_UNUSED_VARIABLE = YES;
				IPHONEOS_DEPLOYMENT_TARGET = 10.2;
				MTL_ENABLE_DEBUG_INFO = NO;
				SDKROOT = iphoneos;
				SWIFT_OPTIMIZATION_LEVEL = "-Owholemodule";
				TARGETED_DEVICE_FAMILY = "1,2";
				VALIDATE_PRODUCT = YES;
			};
			name = Release;
		};
		FE5668AE1E8B6397003EE1FB /* Debug */ = {
			isa = XCBuildConfiguration;
			buildSettings = {
				ASSETCATALOG_COMPILER_APPICON_NAME = AppIcon;
				INFOPLIST_FILE = "ＨＷ2-Counter/Info.plist";
				LD_RUNPATH_SEARCH_PATHS = "$(inherited) @executable_path/Frameworks";
				PRODUCT_BUNDLE_IDENTIFIER = "yc-shen.--2-Counter";
				PRODUCT_NAME = "$(TARGET_NAME)";
				SWIFT_VERSION = 3.0;
			};
			name = Debug;
		};
		FE5668AF1E8B6397003EE1FB /* Release */ = {
			isa = XCBuildConfiguration;
			buildSettings = {
				ASSETCATALOG_COMPILER_APPICON_NAME = AppIcon;
				INFOPLIST_FILE = "ＨＷ2-Counter/Info.plist";
				LD_RUNPATH_SEARCH_PATHS = "$(inherited) @executable_path/Frameworks";
				PRODUCT_BUNDLE_IDENTIFIER = "yc-shen.--2-Counter";
				PRODUCT_NAME = "$(TARGET_NAME)";
				SWIFT_VERSION = 3.0;
			};
			name = Release;
		};
		FE5668B11E8B6397003EE1FB /* Debug */ = {
			isa = XCBuildConfiguration;
			buildSettings = {
				ALWAYS_EMBED_SWIFT_STANDARD_LIBRARIES = YES;
				BUNDLE_LOADER = "$(TEST_HOST)";
				INFOPLIST_FILE = "ＨＷ2-CounterTests/Info.plist";
				LD_RUNPATH_SEARCH_PATHS = "$(inherited) @executable_path/Frameworks @loader_path/Frameworks";
				PRODUCT_BUNDLE_IDENTIFIER = "yc-shen.--2-CounterTests";
				PRODUCT_NAME = "$(TARGET_NAME)";
				SWIFT_VERSION = 3.0;
				TEST_HOST = "$(BUILT_PRODUCTS_DIR)/ＨＷ2-Counter.app/ＨＷ2-Counter";
			};
			name = Debug;
		};
		FE5668B21E8B6397003EE1FB /* Release */ = {
			isa = XCBuildConfiguration;
			buildSettings = {
				ALWAYS_EMBED_SWIFT_STANDARD_LIBRARIES = YES;
				BUNDLE_LOADER = "$(TEST_HOST)";
				INFOPLIST_FILE = "ＨＷ2-CounterTests/Info.plist";
				LD_RUNPATH_SEARCH_PATHS = "$(inherited) @executable_path/Frameworks @loader_path/Frameworks";
				PRODUCT_BUNDLE_IDENTIFIER = "yc-shen.--2-CounterTests";
				PRODUCT_NAME = "$(TARGET_NAME)";
				SWIFT_VERSION = 3.0;
				TEST_HOST = "$(BUILT_PRODUCTS_DIR)/ＨＷ2-Counter.app/ＨＷ2-Counter";
			};
			name = Release;
		};
		FE5668B41E8B6397003EE1FB /* Debug */ = {
			isa = XCBuildConfiguration;
			buildSettings = {
				ALWAYS_EMBED_SWIFT_STANDARD_LIBRARIES = YES;
				INFOPLIST_FILE = "ＨＷ2-CounterUITests/Info.plist";
				LD_RUNPATH_SEARCH_PATHS = "$(inherited) @executable_path/Frameworks @loader_path/Frameworks";
				PRODUCT_BUNDLE_IDENTIFIER = "yc-shen.--2-CounterUITests";
				PRODUCT_NAME = "$(TARGET_NAME)";
				SWIFT_VERSION = 3.0;
				TEST_TARGET_NAME = "ＨＷ2-Counter";
			};
			name = Debug;
		};
		FE5668B51E8B6397003EE1FB /* Release */ = {
			isa = XCBuildConfiguration;
			buildSettings = {
				ALWAYS_EMBED_SWIFT_STANDARD_LIBRARIES = YES;
				INFOPLIST_FILE = "ＨＷ2-CounterUITests/Info.plist";
				LD_RUNPATH_SEARCH_PATHS = "$(inherited) @executable_path/Frameworks @loader_path/Frameworks";
				PRODUCT_BUNDLE_IDENTIFIER = "yc-shen.--2-CounterUITests";
				PRODUCT_NAME = "$(TARGET_NAME)";
				SWIFT_VERSION = 3.0;
				TEST_TARGET_NAME = "ＨＷ2-Counter";
			};
			name = Release;
		};
/* End XCBuildConfiguration section */

/* Begin XCConfigurationList section */
		FE5668801E8B6397003EE1FB /* Build configuration list for PBXProject "ＨＷ2-Counter" */ = {
			isa = XCConfigurationList;
			buildConfigurations = (
				FE5668AB1E8B6397003EE1FB /* Debug */,
				FE5668AC1E8B6397003EE1FB /* Release */,
			);
			defaultConfigurationIsVisible = 0;
			defaultConfigurationName = Release;
		};
		FE5668AD1E8B6397003EE1FB /* Build configuration list for PBXNativeTarget "ＨＷ2-Counter" */ = {
			isa = XCConfigurationList;
			buildConfigurations = (
				FE5668AE1E8B6397003EE1FB /* Debug */,
				FE5668AF1E8B6397003EE1FB /* Release */,
			);
			defaultConfigurationIsVisible = 0;
		};
		FE5668B01E8B6397003EE1FB /* Build configuration list for PBXNativeTarget "ＨＷ2-CounterTests" */ = {
			isa = XCConfigurationList;
			buildConfigurations = (
				FE5668B11E8B6397003EE1FB /* Debug */,
				FE5668B21E8B6397003EE1FB /* Release */,
			);
			defaultConfigurationIsVisible = 0;
		};
		FE5668B31E8B6397003EE1FB /* Build configuration list for PBXNativeTarget "ＨＷ2-CounterUITests" */ = {
			isa = XCConfigurationList;
			buildConfigurations = (
				FE5668B41E8B6397003EE1FB /* Debug */,
				FE5668B51E8B6397003EE1FB /* Release */,
			);
			defaultConfigurationIsVisible = 0;
		};
/* End XCConfigurationList section */
	};
	rootObject = FE56687D1E8B6397003EE1FB /* Project object */;
}
